
Microsoft Visual Studio Solution File, Format Version 12.00
# Visual Studio 14
VisualStudioVersion = 14.0.25123.0
MinimumVisualStudioVersion = 10.0.40219.1
Project("{FAE04EC0-301F-11D3-BF4B-00C04F79EFBC}") = "Project", "Project\Project.csproj", "{2228119D-A47C-4139-96E3-E9F74EE00BF1}"
EndProject
Global
	GlobalSection(SolutionConfigurationPlatforms) = preSolution
		Debug|Any CPU = Debug|Any CPU
		Release|Any CPU = Release|Any CPU
	EndGlobalSection
	GlobalSection(ProjectConfigurationPlatforms) = postSolution
		{2228119D-A47C-4139-96E3-E9F74EE00BF1}.Debug|Any CPU.ActiveCfg = Debug|Any CPU
		{2228119D-A47C-4139-96E3-E9F74EE00BF1}.Debug|Any CPU.Build.0 = Debug|Any CPU
		{2228119D-A47C-4139-96E3-E9F74EE00BF1}.Debug|Any CPU.Deploy.0 = Debug|Any CPU
		{2228119D-A47C-4139-96E3-E9F74EE00BF1}.Release|Any CPU.ActiveCfg = Release|Any CPU
		{2228119D-A47C-4139-96E3-E9F74EE00BF1}.Release|Any CPU.Build.0 = Release|Any CPU
		{2228119D-A47C-4139-96E3-E9F74EE00BF1}.Release|Any CPU.Deploy.0 = Release|Any CPU
	EndGlobalSection
	GlobalSection(SolutionProperties) = preSolution
		HideSolutionNode = FALSE
	EndGlobalSection
	GlobalSection(TeamFoundationVersionControl) = preSolution
		SccNumberOfProjects = 2
		SccEnterpriseProvider = {4CA58AB2-18FA-4F8D-95D4-32DDF27D184C}
		SccTeamFoundationServer = https://proyectosbryan.visualstudio.com/defaultcollection
		SccLocalPath0 = .
		SccProjectUniqueName1 = Project\\Project.csproj
		SccProjectName1 = Project
		SccLocalPath1 = Project
	EndGlobalSection
	GlobalSection(MonoDevelopProperties) = preSolution
		Policies = $0
		$0.DotNetNamingPolicy = $1
		$1.DirectoryNamespaceAssociation = None
		$1.ResourceNamePolicy = FileFormatDefault
	EndGlobalSection
EndGlobal
